github.com/joho/godotenv v1.5.1 h1:7eLL/+HRGLY0ldzfGMeQkb7vMd0as4CfYvUVzLqw0N0=
github.com/joho/godotenv v1.5.1/go.mod h1:f4LDr5Voq0i2e/R5DDNOoa2zzDfwtkZa6DnEwAbqwq4=
github.com/mileusna/useragent v1.3.5 h1:SJM5NzBmh/hO+4LGeATKpaEX9+b4vcGg2qXGLiNGDws=
github.com/mileusna/useragent v1.3.5/go.mod h1:3d8TOmwL/5I8pJjyVDteHtgDGcefrFUX4ccGOMKNYYc=
